
Microsoft Visual Studio Solution File, Format Version 11.00
# Visual Studio 2010
Project("{FAE04EC0-301F-11D3-BF4B-00C04F79EFBC}") = "UnityEngine.UI", "UnityEngine.UI.csproj", "{c55f4d73-832d-2ebf-9d69-9c18c221c32b}"
EndProject
Project("{FAE04EC0-301F-11D3-BF4B-00C04F79EFBC}") = "UnityEngine.TestRunner", "UnityEngine.TestRunner.csproj", "{89758026-5877-3bbe-63f6-99f532472fd5}"
EndProject
Project("{FAE04EC0-301F-11D3-BF4B-00C04F79EFBC}") = "Assembly-CSharp", "Assembly-CSharp.csproj", "{3da4b9d0-751e-fbc9-6ce8-7a0fb259fe0b}"
EndProject
Project("{FAE04EC0-301F-11D3-BF4B-00C04F79EFBC}") = "Unity.Mathematics", "Unity.Mathematics.csproj", "{ac495276-8560-ea2a-75af-0e8d3e522722}"
EndProject
Project("{FAE04EC0-301F-11D3-BF4B-00C04F79EFBC}") = "Unity.2D.Animation.Triangle.Runtime", "Unity.2D.Animation.Triangle.Runtime.csproj", "{6e9d7ee3-616c-2b1c-7bf6-292bc3ffe3a9}"
EndProject
Project("{FAE04EC0-301F-11D3-BF4B-00C04F79EFBC}") = "Unity.Timeline", "Unity.Timeline.csproj", "{765cde4b-81d2-abeb-34f1-97879f47efd1}"
EndProject
Project("{FAE04EC0-301F-11D3-BF4B-00C04F79EFBC}") = "Unity.TextMeshPro", "Unity.TextMeshPro.csproj", "{97e016f6-cca6-33db-b3f2-0ff401b6f03d}"
EndProject
Project("{FAE04EC0-301F-11D3-BF4B-00C04F79EFBC}") = "Unity.2D.Animation.Runtime", "Unity.2D.Animation.Runtime.csproj", "{f67f5999-3142-fb9e-7203-7dae807dcd40}"
EndProject
Project("{FAE04EC0-301F-11D3-BF4B-00C04F79EFBC}") = "Unity.2D.IK.Runtime", "Unity.2D.IK.Runtime.csproj", "{3b9dfd73-3085-4ac7-9f25-8dc2a45d4888}"
EndProject
Project("{FAE04EC0-301F-11D3-BF4B-00C04F79EFBC}") = "Unity.2D.SpriteShape.Runtime", "Unity.2D.SpriteShape.Runtime.csproj", "{01a3b830-74f1-19c0-92a0-d8db662281ad}"
EndProject
Project("{FAE04EC0-301F-11D3-BF4B-00C04F79EFBC}") = "Unity.2D.PixelPerfect", "Unity.2D.PixelPerfect.csproj", "{c2c04bcf-6c84-6143-ebbe-0ab2785c4263}"
EndProject
Project("{FAE04EC0-301F-11D3-BF4B-00C04F79EFBC}") = "Unity.2D.Common.Runtime", "Unity.2D.Common.Runtime.csproj", "{89ca527e-c95a-2c91-2869-342599c8bf49}"
EndProject
Project("{FAE04EC0-301F-11D3-BF4B-00C04F79EFBC}") = "Unity.InternalAPIEngineBridge.001", "Unity.InternalAPIEngineBridge.001.csproj", "{bca102d9-2ce3-7576-035a-f1ff8ec8bbe4}"
EndProject
Project("{FAE04EC0-301F-11D3-BF4B-00C04F79EFBC}") = "UnityEditor.TestRunner", "UnityEditor.TestRunner.csproj", "{ea47ccd8-4499-3266-63da-83f881a4db28}"
EndProject
Project("{FAE04EC0-301F-11D3-BF4B-00C04F79EFBC}") = "Unity.PlasticSCM.Editor", "Unity.PlasticSCM.Editor.csproj", "{686ccc3f-75e1-2680-9bed-7ba15347616e}"
EndProject
Project("{FAE04EC0-301F-11D3-BF4B-00C04F79EFBC}") = "UnityEditor.UI", "UnityEditor.UI.csproj", "{0aec24cc-0a30-ec65-4100-ab298797b501}"
EndProject
Project("{FAE04EC0-301F-11D3-BF4B-00C04F79EFBC}") = "Unity.Services.Core.Editor", "Unity.Services.Core.Editor.csproj", "{0c1a5177-ff06-521a-9a73-f622b56d40c2}"
EndProject
Project("{FAE04EC0-301F-11D3-BF4B-00C04F79EFBC}") = "Unity.Timeline.Editor", "Unity.Timeline.Editor.csproj", "{4e6f9f6b-15b5-d444-7f65-97c61342e648}"
EndProject
Project("{FAE04EC0-301F-11D3-BF4B-00C04F79EFBC}") = "Unity.VisualStudio.Editor", "Unity.VisualStudio.Editor.csproj", "{91120603-217e-b222-4627-c2967afff621}"
EndProject
Project("{FAE04EC0-301F-11D3-BF4B-00C04F79EFBC}") = "Unity.2D.Psdimporter.Editor", "Unity.2D.Psdimporter.Editor.csproj", "{5ee59996-6873-1e4c-a052-6e8d062d6b84}"
EndProject
Project("{FAE04EC0-301F-11D3-BF4B-00C04F79EFBC}") = "Unity.2D.Animation.Editor", "Unity.2D.Animation.Editor.csproj", "{6ff90edc-9ab8-d099-c945-4b0ae57d57bd}"
EndProject
Project("{FAE04EC0-301F-11D3-BF4B-00C04F79EFBC}") = "Unity.TextMeshPro.Editor", "Unity.TextMeshPro.Editor.csproj", "{471f4681-f30d-820b-1025-c882c136ad55}"
EndProject
Project("{FAE04EC0-301F-11D3-BF4B-00C04F79EFBC}") = "Unity.2D.SpriteShape.Editor", "Unity.2D.SpriteShape.Editor.csproj", "{33bc1239-6ac8-694c-274e-7ecaebf0fff8}"
EndProject
Project("{FAE04EC0-301F-11D3-BF4B-00C04F79EFBC}") = "Unity.CollabProxy.Editor", "Unity.CollabProxy.Editor.csproj", "{a61e4796-c6ed-7c54-ede3-eb59d724bb8f}"
EndProject
Project("{FAE04EC0-301F-11D3-BF4B-00C04F79EFBC}") = "PsdPlugin", "PsdPlugin.csproj", "{d7edfffb-6f4d-29fe-f898-00290d9b8c0f}"
EndProject
Project("{FAE04EC0-301F-11D3-BF4B-00C04F79EFBC}") = "Unity.2D.Path.Editor", "Unity.2D.Path.Editor.csproj", "{3d629649-e3ac-a530-61a4-e16899c5b7fa}"
EndProject
Project("{FAE04EC0-301F-11D3-BF4B-00C04F79EFBC}") = "Unity.Rider.Editor", "Unity.Rider.Editor.csproj", "{aa1a38fa-21f5-95cf-56ba-0a98d72a2462}"
EndProject
Project("{FAE04EC0-301F-11D3-BF4B-00C04F79EFBC}") = "Unity.2D.IK.Editor", "Unity.2D.IK.Editor.csproj", "{74feded2-4316-5728-c288-dc87b87286db}"
EndProject
Project("{FAE04EC0-301F-11D3-BF4B-00C04F79EFBC}") = "Unity.2D.Sprite.Editor", "Unity.2D.Sprite.Editor.csproj", "{b559d459-216d-c891-f683-74f621a573a3}"
EndProject
Project("{FAE04EC0-301F-11D3-BF4B-00C04F79EFBC}") = "Unity.2D.Tilemap.Editor", "Unity.2D.Tilemap.Editor.csproj", "{af8e8650-5953-5114-39b6-22d72a6ee500}"
EndProject
Project("{FAE04EC0-301F-11D3-BF4B-00C04F79EFBC}") = "Unity.2D.PixelPerfect.Editor", "Unity.2D.PixelPerfect.Editor.csproj", "{cac9b104-ff83-fc8e-2509-fb9788472fce}"
EndProject
Project("{FAE04EC0-301F-11D3-BF4B-00C04F79EFBC}") = "Unity.VSCode.Editor", "Unity.VSCode.Editor.csproj", "{19ea1583-ed6e-338c-314f-3a1d7c8a208f}"
EndProject
Project("{FAE04EC0-301F-11D3-BF4B-00C04F79EFBC}") = "Unity.2D.Common.Editor", "Unity.2D.Common.Editor.csproj", "{bacd2a25-8d9d-d0f7-b2aa-187b545fd70e}"
EndProject
Project("{FAE04EC0-301F-11D3-BF4B-00C04F79EFBC}") = "Unity.Mathematics.Editor", "Unity.Mathematics.Editor.csproj", "{3b120bae-b033-8230-07fb-f5e9ca779ff5}"
EndProject
Project("{FAE04EC0-301F-11D3-BF4B-00C04F79EFBC}") = "Unity.InternalAPIEditorBridge.001", "Unity.InternalAPIEditorBridge.001.csproj", "{4b49e4ef-f7f7-0810-d791-10a483a2eeea}"
EndProject
Global
	GlobalSection(SolutionConfigurationPlatforms) = preSolution
		Debug|Any CPU = Debug|Any CPU
	EndGlobalSection
	GlobalSection(ProjectConfigurationPlatforms) = postSolution
		{c55f4d73-832d-2ebf-9d69-9c18c221c32b}.Debug|Any CPU.ActiveCfg = Debug|Any CPU
		{c55f4d73-832d-2ebf-9d69-9c18c221c32b}.Debug|Any CPU.Build.0 = Debug|Any CPU
		{89758026-5877-3bbe-63f6-99f532472fd5}.Debug|Any CPU.ActiveCfg = Debug|Any CPU
		{89758026-5877-3bbe-63f6-99f532472fd5}.Debug|Any CPU.Build.0 = Debug|Any CPU
		{3da4b9d0-751e-fbc9-6ce8-7a0fb259fe0b}.Debug|Any CPU.ActiveCfg = Debug|Any CPU
		{3da4b9d0-751e-fbc9-6ce8-7a0fb259fe0b}.Debug|Any CPU.Build.0 = Debug|Any CPU
		{ac495276-8560-ea2a-75af-0e8d3e522722}.Debug|Any CPU.ActiveCfg = Debug|Any CPU
		{ac495276-8560-ea2a-75af-0e8d3e522722}.Debug|Any CPU.Build.0 = Debug|Any CPU
		{6e9d7ee3-616c-2b1c-7bf6-292bc3ffe3a9}.Debug|Any CPU.ActiveCfg = Debug|Any CPU
		{6e9d7ee3-616c-2b1c-7bf6-292bc3ffe3a9}.Debug|Any CPU.Build.0 = Debug|Any CPU
		{765cde4b-81d2-abeb-34f1-97879f47efd1}.Debug|Any CPU.ActiveCfg = Debug|Any CPU
		{765cde4b-81d2-abeb-34f1-97879f47efd1}.Debug|Any CPU.Build.0 = Debug|Any CPU
		{97e016f6-cca6-33db-b3f2-0ff401b6f03d}.Debug|Any CPU.ActiveCfg = Debug|Any CPU
		{97e016f6-cca6-33db-b3f2-0ff401b6f03d}.Debug|Any CPU.Build.0 = Debug|Any CPU
		{f67f5999-3142-fb9e-7203-7dae807dcd40}.Debug|Any CPU.ActiveCfg = Debug|Any CPU
		{f67f5999-3142-fb9e-7203-7dae807dcd40}.Debug|Any CPU.Build.0 = Debug|Any CPU
		{3b9dfd73-3085-4ac7-9f25-8dc2a45d4888}.Debug|Any CPU.ActiveCfg = Debug|Any CPU
		{3b9dfd73-3085-4ac7-9f25-8dc2a45d4888}.Debug|Any CPU.Build.0 = Debug|Any CPU
		{01a3b830-74f1-19c0-92a0-d8db662281ad}.Debug|Any CPU.ActiveCfg = Debug|Any CPU
		{01a3b830-74f1-19c0-92a0-d8db662281ad}.Debug|Any CPU.Build.0 = Debug|Any CPU
		{c2c04bcf-6c84-6143-ebbe-0ab2785c4263}.Debug|Any CPU.ActiveCfg = Debug|Any CPU
		{c2c04bcf-6c84-6143-ebbe-0ab2785c4263}.Debug|Any CPU.Build.0 = Debug|Any CPU
		{89ca527e-c95a-2c91-2869-342599c8bf49}.Debug|Any CPU.ActiveCfg = Debug|Any CPU
		{89ca527e-c95a-2c91-2869-342599c8bf49}.Debug|Any CPU.Build.0 = Debug|Any CPU
		{bca102d9-2ce3-7576-035a-f1ff8ec8bbe4}.Debug|Any CPU.ActiveCfg = Debug|Any CPU
		{bca102d9-2ce3-7576-035a-f1ff8ec8bbe4}.Debug|Any CPU.Build.0 = Debug|Any CPU
		{ea47ccd8-4499-3266-63da-83f881a4db28}.Debug|Any CPU.ActiveCfg = Debug|Any CPU
		{ea47ccd8-4499-3266-63da-83f881a4db28}.Debug|Any CPU.Build.0 = Debug|Any CPU
		{686ccc3f-75e1-2680-9bed-7ba15347616e}.Debug|Any CPU.ActiveCfg = Debug|Any CPU
		{686ccc3f-75e1-2680-9bed-7ba15347616e}.Debug|Any CPU.Build.0 = Debug|Any CPU
		{0aec24cc-0a30-ec65-4100-ab298797b501}.Debug|Any CPU.ActiveCfg = Debug|Any CPU
		{0aec24cc-0a30-ec65-4100-ab298797b501}.Debug|Any CPU.Build.0 = Debug|Any CPU
		{0c1a5177-ff06-521a-9a73-f622b56d40c2}.Debug|Any CPU.ActiveCfg = Debug|Any CPU
		{0c1a5177-ff06-521a-9a73-f622b56d40c2}.Debug|Any CPU.Build.0 = Debug|Any CPU
		{4e6f9f6b-15b5-d444-7f65-97c61342e648}.Debug|Any CPU.ActiveCfg = Debug|Any CPU
		{4e6f9f6b-15b5-d444-7f65-97c61342e648}.Debug|Any CPU.Build.0 = Debug|Any CPU
		{91120603-217e-b222-4627-c2967afff621}.Debug|Any CPU.ActiveCfg = Debug|Any CPU
		{91120603-217e-b222-4627-c2967afff621}.Debug|Any CPU.Build.0 = Debug|Any CPU
		{5ee59996-6873-1e4c-a052-6e8d062d6b84}.Debug|Any CPU.ActiveCfg = Debug|Any CPU
		{5ee59996-6873-1e4c-a052-6e8d062d6b84}.Debug|Any CPU.Build.0 = Debug|Any CPU
		{6ff90edc-9ab8-d099-c945-4b0ae57d57bd}.Debug|Any CPU.ActiveCfg = Debug|Any CPU
		{6ff90edc-9ab8-d099-c945-4b0ae57d57bd}.Debug|Any CPU.Build.0 = Debug|Any CPU
		{471f4681-f30d-820b-1025-c882c136ad55}.Debug|Any CPU.ActiveCfg = Debug|Any CPU
		{471f4681-f30d-820b-1025-c882c136ad55}.Debug|Any CPU.Build.0 = Debug|Any CPU
		{33bc1239-6ac8-694c-274e-7ecaebf0fff8}.Debug|Any CPU.ActiveCfg = Debug|Any CPU
		{33bc1239-6ac8-694c-274e-7ecaebf0fff8}.Debug|Any CPU.Build.0 = Debug|Any CPU
		{a61e4796-c6ed-7c54-ede3-eb59d724bb8f}.Debug|Any CPU.ActiveCfg = Debug|Any CPU
		{a61e4796-c6ed-7c54-ede3-eb59d724bb8f}.Debug|Any CPU.Build.0 = Debug|Any CPU
		{d7edfffb-6f4d-29fe-f898-00290d9b8c0f}.Debug|Any CPU.ActiveCfg = Debug|Any CPU
		{d7edfffb-6f4d-29fe-f898-00290d9b8c0f}.Debug|Any CPU.Build.0 = Debug|Any CPU
		{3d629649-e3ac-a530-61a4-e16899c5b7fa}.Debug|Any CPU.ActiveCfg = Debug|Any CPU
		{3d629649-e3ac-a530-61a4-e16899c5b7fa}.Debug|Any CPU.Build.0 = Debug|Any CPU
		{aa1a38fa-21f5-95cf-56ba-0a98d72a2462}.Debug|Any CPU.ActiveCfg = Debug|Any CPU
		{aa1a38fa-21f5-95cf-56ba-0a98d72a2462}.Debug|Any CPU.Build.0 = Debug|Any CPU
		{74feded2-4316-5728-c288-dc87b87286db}.Debug|Any CPU.ActiveCfg = Debug|Any CPU
		{74feded2-4316-5728-c288-dc87b87286db}.Debug|Any CPU.Build.0 = Debug|Any CPU
		{b559d459-216d-c891-f683-74f621a573a3}.Debug|Any CPU.ActiveCfg = Debug|Any CPU
		{b559d459-216d-c891-f683-74f621a573a3}.Debug|Any CPU.Build.0 = Debug|Any CPU
		{af8e8650-5953-5114-39b6-22d72a6ee500}.Debug|Any CPU.ActiveCfg = Debug|Any CPU
		{af8e8650-5953-5114-39b6-22d72a6ee500}.Debug|Any CPU.Build.0 = Debug|Any CPU
		{cac9b104-ff83-fc8e-2509-fb9788472fce}.Debug|Any CPU.ActiveCfg = Debug|Any CPU
		{cac9b104-ff83-fc8e-2509-fb9788472fce}.Debug|Any CPU.Build.0 = Debug|Any CPU
		{19ea1583-ed6e-338c-314f-3a1d7c8a208f}.Debug|Any CPU.ActiveCfg = Debug|Any CPU
		{19ea1583-ed6e-338c-314f-3a1d7c8a208f}.Debug|Any CPU.Build.0 = Debug|Any CPU
		{bacd2a25-8d9d-d0f7-b2aa-187b545fd70e}.Debug|Any CPU.ActiveCfg = Debug|Any CPU
		{bacd2a25-8d9d-d0f7-b2aa-187b545fd70e}.Debug|Any CPU.Build.0 = Debug|Any CPU
		{3b120bae-b033-8230-07fb-f5e9ca779ff5}.Debug|Any CPU.ActiveCfg = Debug|Any CPU
		{3b120bae-b033-8230-07fb-f5e9ca779ff5}.Debug|Any CPU.Build.0 = Debug|Any CPU
		{4b49e4ef-f7f7-0810-d791-10a483a2eeea}.Debug|Any CPU.ActiveCfg = Debug|Any CPU
		{4b49e4ef-f7f7-0810-d791-10a483a2eeea}.Debug|Any CPU.Build.0 = Debug|Any CPU
	EndGlobalSection
	GlobalSection(SolutionProperties) = preSolution
		HideSolutionNode = FALSE
	EndGlobalSection
EndGlobal
