
Microsoft Visual Studio Solution File, Format Version 11.00
# Visual Studio 2010
Project("{FAE04EC0-301F-11D3-BF4B-00C04F79EFBC}") = "UnityEngine.UI", "UnityEngine.UI.csproj", "{734D5FC5-2D83-BF2E-9D69-9C18C221C32B}"
EndProject
Project("{FAE04EC0-301F-11D3-BF4B-00C04F79EFBC}") = "UnityEngine.TestRunner", "UnityEngine.TestRunner.csproj", "{26807589-7758-BE3B-63F6-99F532472FD5}"
EndProject
Project("{FAE04EC0-301F-11D3-BF4B-00C04F79EFBC}") = "Assembly-CSharp", "Assembly-CSharp.csproj", "{D0B9A43D-1E75-C9FB-6CE8-7A0FB259FE0B}"
EndProject
Project("{FAE04EC0-301F-11D3-BF4B-00C04F79EFBC}") = "Unity.Mathematics", "Unity.Mathematics.csproj", "{765249AC-6085-2AEA-75AF-0E8D3E522722}"
EndProject
Project("{FAE04EC0-301F-11D3-BF4B-00C04F79EFBC}") = "Unity.2D.Animation.Triangle.Runtime", "Unity.2D.Animation.Triangle.Runtime.csproj", "{E37E9D6E-6C61-1C2B-7BF6-292BC3FFE3A9}"
EndProject
Project("{FAE04EC0-301F-11D3-BF4B-00C04F79EFBC}") = "Unity.Timeline", "Unity.Timeline.csproj", "{4BDE5C76-D281-EBAB-34F1-97879F47EFD1}"
EndProject
Project("{FAE04EC0-301F-11D3-BF4B-00C04F79EFBC}") = "Unity.TextMeshPro", "Unity.TextMeshPro.csproj", "{F616E097-A6CC-DB33-B3F2-0FF401B6F03D}"
EndProject
Project("{FAE04EC0-301F-11D3-BF4B-00C04F79EFBC}") = "Unity.2D.Animation.Runtime", "Unity.2D.Animation.Runtime.csproj", "{99597FF6-4231-9EFB-7203-7DAE807DCD40}"
EndProject
Project("{FAE04EC0-301F-11D3-BF4B-00C04F79EFBC}") = "Unity.2D.IK.Runtime", "Unity.2D.IK.Runtime.csproj", "{73FD9D3B-8530-C74A-9F25-8DC2A45D4888}"
EndProject
Project("{FAE04EC0-301F-11D3-BF4B-00C04F79EFBC}") = "Unity.2D.SpriteShape.Runtime", "Unity.2D.SpriteShape.Runtime.csproj", "{30B8A301-F174-C019-92A0-D8DB662281AD}"
EndProject
Project("{FAE04EC0-301F-11D3-BF4B-00C04F79EFBC}") = "Unity.2D.PixelPerfect", "Unity.2D.PixelPerfect.csproj", "{CF4BC0C2-846C-4361-EBBE-0AB2785C4263}"
EndProject
Project("{FAE04EC0-301F-11D3-BF4B-00C04F79EFBC}") = "Unity.2D.Common.Runtime", "Unity.2D.Common.Runtime.csproj", "{7E52CA89-5AC9-912C-2869-342599C8BF49}"
EndProject
Project("{FAE04EC0-301F-11D3-BF4B-00C04F79EFBC}") = "Unity.InternalAPIEngineBridge.001", "Unity.InternalAPIEngineBridge.001.csproj", "{D902A1BC-E32C-7675-035A-F1FF8EC8BBE4}"
EndProject
Project("{FAE04EC0-301F-11D3-BF4B-00C04F79EFBC}") = "UnityEditor.TestRunner", "UnityEditor.TestRunner.csproj", "{D8CC47EA-9944-6632-63DA-83F881A4DB28}"
EndProject
Project("{FAE04EC0-301F-11D3-BF4B-00C04F79EFBC}") = "Unity.PlasticSCM.Editor", "Unity.PlasticSCM.Editor.csproj", "{3FCC6C68-E175-8026-9BED-7BA15347616E}"
EndProject
Project("{FAE04EC0-301F-11D3-BF4B-00C04F79EFBC}") = "UnityEditor.UI", "UnityEditor.UI.csproj", "{CC24EC0A-300A-65EC-4100-AB298797B501}"
EndProject
Project("{FAE04EC0-301F-11D3-BF4B-00C04F79EFBC}") = "Unity.Services.Core.Editor", "Unity.Services.Core.Editor.csproj", "{77511A0C-06FF-1A52-9A73-F622B56D40C2}"
EndProject
Project("{FAE04EC0-301F-11D3-BF4B-00C04F79EFBC}") = "Unity.Timeline.Editor", "Unity.Timeline.Editor.csproj", "{6B9F6F4E-B515-44D4-7F65-97C61342E648}"
EndProject
Project("{FAE04EC0-301F-11D3-BF4B-00C04F79EFBC}") = "Unity.VisualStudio.Editor", "Unity.VisualStudio.Editor.csproj", "{03061291-7E21-22B2-4627-C2967AFFF621}"
EndProject
Project("{FAE04EC0-301F-11D3-BF4B-00C04F79EFBC}") = "Unity.2D.Psdimporter.Editor", "Unity.2D.Psdimporter.Editor.csproj", "{9699E55E-7368-4C1E-A052-6E8D062D6B84}"
EndProject
Project("{FAE04EC0-301F-11D3-BF4B-00C04F79EFBC}") = "Unity.2D.Animation.Editor", "Unity.2D.Animation.Editor.csproj", "{DC0EF96F-B89A-99D0-C945-4B0AE57D57BD}"
EndProject
Project("{FAE04EC0-301F-11D3-BF4B-00C04F79EFBC}") = "Unity.TextMeshPro.Editor", "Unity.TextMeshPro.Editor.csproj", "{81461F47-0DF3-0B82-1025-C882C136AD55}"
EndProject
Project("{FAE04EC0-301F-11D3-BF4B-00C04F79EFBC}") = "Unity.2D.SpriteShape.Editor", "Unity.2D.SpriteShape.Editor.csproj", "{3912BC33-C86A-4C69-274E-7ECAEBF0FFF8}"
EndProject
Project("{FAE04EC0-301F-11D3-BF4B-00C04F79EFBC}") = "Unity.CollabProxy.Editor", "Unity.CollabProxy.Editor.csproj", "{96471EA6-EDC6-547C-EDE3-EB59D724BB8F}"
EndProject
Project("{FAE04EC0-301F-11D3-BF4B-00C04F79EFBC}") = "PsdPlugin", "PsdPlugin.csproj", "{FBFFEDD7-4D6F-FE29-F898-00290D9B8C0F}"
EndProject
Project("{FAE04EC0-301F-11D3-BF4B-00C04F79EFBC}") = "Unity.2D.Path.Editor", "Unity.2D.Path.Editor.csproj", "{4996623D-ACE3-30A5-61A4-E16899C5B7FA}"
EndProject
Project("{FAE04EC0-301F-11D3-BF4B-00C04F79EFBC}") = "Unity.Rider.Editor", "Unity.Rider.Editor.csproj", "{FA381AAA-F521-CF95-56BA-0A98D72A2462}"
EndProject
Project("{FAE04EC0-301F-11D3-BF4B-00C04F79EFBC}") = "Unity.2D.IK.Editor", "Unity.2D.IK.Editor.csproj", "{D2DEFE74-1643-2857-C288-DC87B87286DB}"
EndProject
Project("{FAE04EC0-301F-11D3-BF4B-00C04F79EFBC}") = "Unity.2D.Sprite.Editor", "Unity.2D.Sprite.Editor.csproj", "{59D459B5-6D21-91C8-F683-74F621A573A3}"
EndProject
Project("{FAE04EC0-301F-11D3-BF4B-00C04F79EFBC}") = "Unity.2D.Tilemap.Editor", "Unity.2D.Tilemap.Editor.csproj", "{50868EAF-5359-1451-39B6-22D72A6EE500}"
EndProject
Project("{FAE04EC0-301F-11D3-BF4B-00C04F79EFBC}") = "Unity.2D.PixelPerfect.Editor", "Unity.2D.PixelPerfect.Editor.csproj", "{04B1C9CA-83FF-8EFC-2509-FB9788472FCE}"
EndProject
Project("{FAE04EC0-301F-11D3-BF4B-00C04F79EFBC}") = "Unity.VSCode.Editor", "Unity.VSCode.Editor.csproj", "{8315EA19-6EED-8C33-314F-3A1D7C8A208F}"
EndProject
Project("{FAE04EC0-301F-11D3-BF4B-00C04F79EFBC}") = "Unity.2D.Common.Editor", "Unity.2D.Common.Editor.csproj", "{252ACDBA-9D8D-F7D0-B2AA-187B545FD70E}"
EndProject
Project("{FAE04EC0-301F-11D3-BF4B-00C04F79EFBC}") = "Unity.Mathematics.Editor", "Unity.Mathematics.Editor.csproj", "{AE0B123B-33B0-3082-07FB-F5E9CA779FF5}"
EndProject
Project("{FAE04EC0-301F-11D3-BF4B-00C04F79EFBC}") = "Unity.InternalAPIEditorBridge.001", "Unity.InternalAPIEditorBridge.001.csproj", "{EFE4494B-F7F7-1008-D791-10A483A2EEEA}"
EndProject
Global
	GlobalSection(SolutionConfigurationPlatforms) = preSolution
		Debug|Any CPU = Debug|Any CPU
		Release|Any CPU = Release|Any CPU
	EndGlobalSection
	GlobalSection(ProjectConfigurationPlatforms) = postSolution
		{734D5FC5-2D83-BF2E-9D69-9C18C221C32B}.Debug|Any CPU.ActiveCfg = Debug|Any CPU
		{734D5FC5-2D83-BF2E-9D69-9C18C221C32B}.Debug|Any CPU.Build.0 = Debug|Any CPU
		{734D5FC5-2D83-BF2E-9D69-9C18C221C32B}.Release|Any CPU.ActiveCfg = Release|Any CPU
		{734D5FC5-2D83-BF2E-9D69-9C18C221C32B}.Release|Any CPU.Build.0 = Release|Any CPU
		{26807589-7758-BE3B-63F6-99F532472FD5}.Debug|Any CPU.ActiveCfg = Debug|Any CPU
		{26807589-7758-BE3B-63F6-99F532472FD5}.Debug|Any CPU.Build.0 = Debug|Any CPU
		{26807589-7758-BE3B-63F6-99F532472FD5}.Release|Any CPU.ActiveCfg = Release|Any CPU
		{26807589-7758-BE3B-63F6-99F532472FD5}.Release|Any CPU.Build.0 = Release|Any CPU
		{D0B9A43D-1E75-C9FB-6CE8-7A0FB259FE0B}.Debug|Any CPU.ActiveCfg = Debug|Any CPU
		{D0B9A43D-1E75-C9FB-6CE8-7A0FB259FE0B}.Debug|Any CPU.Build.0 = Debug|Any CPU
		{D0B9A43D-1E75-C9FB-6CE8-7A0FB259FE0B}.Release|Any CPU.ActiveCfg = Release|Any CPU
		{D0B9A43D-1E75-C9FB-6CE8-7A0FB259FE0B}.Release|Any CPU.Build.0 = Release|Any CPU
		{765249AC-6085-2AEA-75AF-0E8D3E522722}.Debug|Any CPU.ActiveCfg = Debug|Any CPU
		{765249AC-6085-2AEA-75AF-0E8D3E522722}.Debug|Any CPU.Build.0 = Debug|Any CPU
		{765249AC-6085-2AEA-75AF-0E8D3E522722}.Release|Any CPU.ActiveCfg = Release|Any CPU
		{765249AC-6085-2AEA-75AF-0E8D3E522722}.Release|Any CPU.Build.0 = Release|Any CPU
		{E37E9D6E-6C61-1C2B-7BF6-292BC3FFE3A9}.Debug|Any CPU.ActiveCfg = Debug|Any CPU
		{E37E9D6E-6C61-1C2B-7BF6-292BC3FFE3A9}.Debug|Any CPU.Build.0 = Debug|Any CPU
		{E37E9D6E-6C61-1C2B-7BF6-292BC3FFE3A9}.Release|Any CPU.ActiveCfg = Release|Any CPU
		{E37E9D6E-6C61-1C2B-7BF6-292BC3FFE3A9}.Release|Any CPU.Build.0 = Release|Any CPU
		{4BDE5C76-D281-EBAB-34F1-97879F47EFD1}.Debug|Any CPU.ActiveCfg = Debug|Any CPU
		{4BDE5C76-D281-EBAB-34F1-97879F47EFD1}.Debug|Any CPU.Build.0 = Debug|Any CPU
		{4BDE5C76-D281-EBAB-34F1-97879F47EFD1}.Release|Any CPU.ActiveCfg = Release|Any CPU
		{4BDE5C76-D281-EBAB-34F1-97879F47EFD1}.Release|Any CPU.Build.0 = Release|Any CPU
		{F616E097-A6CC-DB33-B3F2-0FF401B6F03D}.Debug|Any CPU.ActiveCfg = Debug|Any CPU
		{F616E097-A6CC-DB33-B3F2-0FF401B6F03D}.Debug|Any CPU.Build.0 = Debug|Any CPU
		{F616E097-A6CC-DB33-B3F2-0FF401B6F03D}.Release|Any CPU.ActiveCfg = Release|Any CPU
		{F616E097-A6CC-DB33-B3F2-0FF401B6F03D}.Release|Any CPU.Build.0 = Release|Any CPU
		{99597FF6-4231-9EFB-7203-7DAE807DCD40}.Debug|Any CPU.ActiveCfg = Debug|Any CPU
		{99597FF6-4231-9EFB-7203-7DAE807DCD40}.Debug|Any CPU.Build.0 = Debug|Any CPU
		{99597FF6-4231-9EFB-7203-7DAE807DCD40}.Release|Any CPU.ActiveCfg = Release|Any CPU
		{99597FF6-4231-9EFB-7203-7DAE807DCD40}.Release|Any CPU.Build.0 = Release|Any CPU
		{73FD9D3B-8530-C74A-9F25-8DC2A45D4888}.Debug|Any CPU.ActiveCfg = Debug|Any CPU
		{73FD9D3B-8530-C74A-9F25-8DC2A45D4888}.Debug|Any CPU.Build.0 = Debug|Any CPU
		{73FD9D3B-8530-C74A-9F25-8DC2A45D4888}.Release|Any CPU.ActiveCfg = Release|Any CPU
		{73FD9D3B-8530-C74A-9F25-8DC2A45D4888}.Release|Any CPU.Build.0 = Release|Any CPU
		{30B8A301-F174-C019-92A0-D8DB662281AD}.Debug|Any CPU.ActiveCfg = Debug|Any CPU
		{30B8A301-F174-C019-92A0-D8DB662281AD}.Debug|Any CPU.Build.0 = Debug|Any CPU
		{30B8A301-F174-C019-92A0-D8DB662281AD}.Release|Any CPU.ActiveCfg = Release|Any CPU
		{30B8A301-F174-C019-92A0-D8DB662281AD}.Release|Any CPU.Build.0 = Release|Any CPU
		{CF4BC0C2-846C-4361-EBBE-0AB2785C4263}.Debug|Any CPU.ActiveCfg = Debug|Any CPU
		{CF4BC0C2-846C-4361-EBBE-0AB2785C4263}.Debug|Any CPU.Build.0 = Debug|Any CPU
		{CF4BC0C2-846C-4361-EBBE-0AB2785C4263}.Release|Any CPU.ActiveCfg = Release|Any CPU
		{CF4BC0C2-846C-4361-EBBE-0AB2785C4263}.Release|Any CPU.Build.0 = Release|Any CPU
		{7E52CA89-5AC9-912C-2869-342599C8BF49}.Debug|Any CPU.ActiveCfg = Debug|Any CPU
		{7E52CA89-5AC9-912C-2869-342599C8BF49}.Debug|Any CPU.Build.0 = Debug|Any CPU
		{7E52CA89-5AC9-912C-2869-342599C8BF49}.Release|Any CPU.ActiveCfg = Release|Any CPU
		{7E52CA89-5AC9-912C-2869-342599C8BF49}.Release|Any CPU.Build.0 = Release|Any CPU
		{D902A1BC-E32C-7675-035A-F1FF8EC8BBE4}.Debug|Any CPU.ActiveCfg = Debug|Any CPU
		{D902A1BC-E32C-7675-035A-F1FF8EC8BBE4}.Debug|Any CPU.Build.0 = Debug|Any CPU
		{D902A1BC-E32C-7675-035A-F1FF8EC8BBE4}.Release|Any CPU.ActiveCfg = Release|Any CPU
		{D902A1BC-E32C-7675-035A-F1FF8EC8BBE4}.Release|Any CPU.Build.0 = Release|Any CPU
		{D8CC47EA-9944-6632-63DA-83F881A4DB28}.Debug|Any CPU.ActiveCfg = Debug|Any CPU
		{D8CC47EA-9944-6632-63DA-83F881A4DB28}.Debug|Any CPU.Build.0 = Debug|Any CPU
		{D8CC47EA-9944-6632-63DA-83F881A4DB28}.Release|Any CPU.ActiveCfg = Release|Any CPU
		{D8CC47EA-9944-6632-63DA-83F881A4DB28}.Release|Any CPU.Build.0 = Release|Any CPU
		{3FCC6C68-E175-8026-9BED-7BA15347616E}.Debug|Any CPU.ActiveCfg = Debug|Any CPU
		{3FCC6C68-E175-8026-9BED-7BA15347616E}.Debug|Any CPU.Build.0 = Debug|Any CPU
		{3FCC6C68-E175-8026-9BED-7BA15347616E}.Release|Any CPU.ActiveCfg = Release|Any CPU
		{3FCC6C68-E175-8026-9BED-7BA15347616E}.Release|Any CPU.Build.0 = Release|Any CPU
		{CC24EC0A-300A-65EC-4100-AB298797B501}.Debug|Any CPU.ActiveCfg = Debug|Any CPU
		{CC24EC0A-300A-65EC-4100-AB298797B501}.Debug|Any CPU.Build.0 = Debug|Any CPU
		{CC24EC0A-300A-65EC-4100-AB298797B501}.Release|Any CPU.ActiveCfg = Release|Any CPU
		{CC24EC0A-300A-65EC-4100-AB298797B501}.Release|Any CPU.Build.0 = Release|Any CPU
		{77511A0C-06FF-1A52-9A73-F622B56D40C2}.Debug|Any CPU.ActiveCfg = Debug|Any CPU
		{77511A0C-06FF-1A52-9A73-F622B56D40C2}.Debug|Any CPU.Build.0 = Debug|Any CPU
		{77511A0C-06FF-1A52-9A73-F622B56D40C2}.Release|Any CPU.ActiveCfg = Release|Any CPU
		{77511A0C-06FF-1A52-9A73-F622B56D40C2}.Release|Any CPU.Build.0 = Release|Any CPU
		{6B9F6F4E-B515-44D4-7F65-97C61342E648}.Debug|Any CPU.ActiveCfg = Debug|Any CPU
		{6B9F6F4E-B515-44D4-7F65-97C61342E648}.Debug|Any CPU.Build.0 = Debug|Any CPU
		{6B9F6F4E-B515-44D4-7F65-97C61342E648}.Release|Any CPU.ActiveCfg = Release|Any CPU
		{6B9F6F4E-B515-44D4-7F65-97C61342E648}.Release|Any CPU.Build.0 = Release|Any CPU
		{03061291-7E21-22B2-4627-C2967AFFF621}.Debug|Any CPU.ActiveCfg = Debug|Any CPU
		{03061291-7E21-22B2-4627-C2967AFFF621}.Debug|Any CPU.Build.0 = Debug|Any CPU
		{03061291-7E21-22B2-4627-C2967AFFF621}.Release|Any CPU.ActiveCfg = Release|Any CPU
		{03061291-7E21-22B2-4627-C2967AFFF621}.Release|Any CPU.Build.0 = Release|Any CPU
		{9699E55E-7368-4C1E-A052-6E8D062D6B84}.Debug|Any CPU.ActiveCfg = Debug|Any CPU
		{9699E55E-7368-4C1E-A052-6E8D062D6B84}.Debug|Any CPU.Build.0 = Debug|Any CPU
		{9699E55E-7368-4C1E-A052-6E8D062D6B84}.Release|Any CPU.ActiveCfg = Release|Any CPU
		{9699E55E-7368-4C1E-A052-6E8D062D6B84}.Release|Any CPU.Build.0 = Release|Any CPU
		{DC0EF96F-B89A-99D0-C945-4B0AE57D57BD}.Debug|Any CPU.ActiveCfg = Debug|Any CPU
		{DC0EF96F-B89A-99D0-C945-4B0AE57D57BD}.Debug|Any CPU.Build.0 = Debug|Any CPU
		{DC0EF96F-B89A-99D0-C945-4B0AE57D57BD}.Release|Any CPU.ActiveCfg = Release|Any CPU
		{DC0EF96F-B89A-99D0-C945-4B0AE57D57BD}.Release|Any CPU.Build.0 = Release|Any CPU
		{81461F47-0DF3-0B82-1025-C882C136AD55}.Debug|Any CPU.ActiveCfg = Debug|Any CPU
		{81461F47-0DF3-0B82-1025-C882C136AD55}.Debug|Any CPU.Build.0 = Debug|Any CPU
		{81461F47-0DF3-0B82-1025-C882C136AD55}.Release|Any CPU.ActiveCfg = Release|Any CPU
		{81461F47-0DF3-0B82-1025-C882C136AD55}.Release|Any CPU.Build.0 = Release|Any CPU
		{3912BC33-C86A-4C69-274E-7ECAEBF0FFF8}.Debug|Any CPU.ActiveCfg = Debug|Any CPU
		{3912BC33-C86A-4C69-274E-7ECAEBF0FFF8}.Debug|Any CPU.Build.0 = Debug|Any CPU
		{3912BC33-C86A-4C69-274E-7ECAEBF0FFF8}.Release|Any CPU.ActiveCfg = Release|Any CPU
		{3912BC33-C86A-4C69-274E-7ECAEBF0FFF8}.Release|Any CPU.Build.0 = Release|Any CPU
		{96471EA6-EDC6-547C-EDE3-EB59D724BB8F}.Debug|Any CPU.ActiveCfg = Debug|Any CPU
		{96471EA6-EDC6-547C-EDE3-EB59D724BB8F}.Debug|Any CPU.Build.0 = Debug|Any CPU
		{96471EA6-EDC6-547C-EDE3-EB59D724BB8F}.Release|Any CPU.ActiveCfg = Release|Any CPU
		{96471EA6-EDC6-547C-EDE3-EB59D724BB8F}.Release|Any CPU.Build.0 = Release|Any CPU
		{FBFFEDD7-4D6F-FE29-F898-00290D9B8C0F}.Debug|Any CPU.ActiveCfg = Debug|Any CPU
		{FBFFEDD7-4D6F-FE29-F898-00290D9B8C0F}.Debug|Any CPU.Build.0 = Debug|Any CPU
		{FBFFEDD7-4D6F-FE29-F898-00290D9B8C0F}.Release|Any CPU.ActiveCfg = Release|Any CPU
		{FBFFEDD7-4D6F-FE29-F898-00290D9B8C0F}.Release|Any CPU.Build.0 = Release|Any CPU
		{4996623D-ACE3-30A5-61A4-E16899C5B7FA}.Debug|Any CPU.ActiveCfg = Debug|Any CPU
		{4996623D-ACE3-30A5-61A4-E16899C5B7FA}.Debug|Any CPU.Build.0 = Debug|Any CPU
		{4996623D-ACE3-30A5-61A4-E16899C5B7FA}.Release|Any CPU.ActiveCfg = Release|Any CPU
		{4996623D-ACE3-30A5-61A4-E16899C5B7FA}.Release|Any CPU.Build.0 = Release|Any CPU
		{FA381AAA-F521-CF95-56BA-0A98D72A2462}.Debug|Any CPU.ActiveCfg = Debug|Any CPU
		{FA381AAA-F521-CF95-56BA-0A98D72A2462}.Debug|Any CPU.Build.0 = Debug|Any CPU
		{FA381AAA-F521-CF95-56BA-0A98D72A2462}.Release|Any CPU.ActiveCfg = Release|Any CPU
		{FA381AAA-F521-CF95-56BA-0A98D72A2462}.Release|Any CPU.Build.0 = Release|Any CPU
		{D2DEFE74-1643-2857-C288-DC87B87286DB}.Debug|Any CPU.ActiveCfg = Debug|Any CPU
		{D2DEFE74-1643-2857-C288-DC87B87286DB}.Debug|Any CPU.Build.0 = Debug|Any CPU
		{D2DEFE74-1643-2857-C288-DC87B87286DB}.Release|Any CPU.ActiveCfg = Release|Any CPU
		{D2DEFE74-1643-2857-C288-DC87B87286DB}.Release|Any CPU.Build.0 = Release|Any CPU
		{59D459B5-6D21-91C8-F683-74F621A573A3}.Debug|Any CPU.ActiveCfg = Debug|Any CPU
		{59D459B5-6D21-91C8-F683-74F621A573A3}.Debug|Any CPU.Build.0 = Debug|Any CPU
		{59D459B5-6D21-91C8-F683-74F621A573A3}.Release|Any CPU.ActiveCfg = Release|Any CPU
		{59D459B5-6D21-91C8-F683-74F621A573A3}.Release|Any CPU.Build.0 = Release|Any CPU
		{50868EAF-5359-1451-39B6-22D72A6EE500}.Debug|Any CPU.ActiveCfg = Debug|Any CPU
		{50868EAF-5359-1451-39B6-22D72A6EE500}.Debug|Any CPU.Build.0 = Debug|Any CPU
		{50868EAF-5359-1451-39B6-22D72A6EE500}.Release|Any CPU.ActiveCfg = Release|Any CPU
		{50868EAF-5359-1451-39B6-22D72A6EE500}.Release|Any CPU.Build.0 = Release|Any CPU
		{04B1C9CA-83FF-8EFC-2509-FB9788472FCE}.Debug|Any CPU.ActiveCfg = Debug|Any CPU
		{04B1C9CA-83FF-8EFC-2509-FB9788472FCE}.Debug|Any CPU.Build.0 = Debug|Any CPU
		{04B1C9CA-83FF-8EFC-2509-FB9788472FCE}.Release|Any CPU.ActiveCfg = Release|Any CPU
		{04B1C9CA-83FF-8EFC-2509-FB9788472FCE}.Release|Any CPU.Build.0 = Release|Any CPU
		{8315EA19-6EED-8C33-314F-3A1D7C8A208F}.Debug|Any CPU.ActiveCfg = Debug|Any CPU
		{8315EA19-6EED-8C33-314F-3A1D7C8A208F}.Debug|Any CPU.Build.0 = Debug|Any CPU
		{8315EA19-6EED-8C33-314F-3A1D7C8A208F}.Release|Any CPU.ActiveCfg = Release|Any CPU
		{8315EA19-6EED-8C33-314F-3A1D7C8A208F}.Release|Any CPU.Build.0 = Release|Any CPU
		{252ACDBA-9D8D-F7D0-B2AA-187B545FD70E}.Debug|Any CPU.ActiveCfg = Debug|Any CPU
		{252ACDBA-9D8D-F7D0-B2AA-187B545FD70E}.Debug|Any CPU.Build.0 = Debug|Any CPU
		{252ACDBA-9D8D-F7D0-B2AA-187B545FD70E}.Release|Any CPU.ActiveCfg = Release|Any CPU
		{252ACDBA-9D8D-F7D0-B2AA-187B545FD70E}.Release|Any CPU.Build.0 = Release|Any CPU
		{AE0B123B-33B0-3082-07FB-F5E9CA779FF5}.Debug|Any CPU.ActiveCfg = Debug|Any CPU
		{AE0B123B-33B0-3082-07FB-F5E9CA779FF5}.Debug|Any CPU.Build.0 = Debug|Any CPU
		{AE0B123B-33B0-3082-07FB-F5E9CA779FF5}.Release|Any CPU.ActiveCfg = Release|Any CPU
		{AE0B123B-33B0-3082-07FB-F5E9CA779FF5}.Release|Any CPU.Build.0 = Release|Any CPU
		{EFE4494B-F7F7-1008-D791-10A483A2EEEA}.Debug|Any CPU.ActiveCfg = Debug|Any CPU
		{EFE4494B-F7F7-1008-D791-10A483A2EEEA}.Debug|Any CPU.Build.0 = Debug|Any CPU
		{EFE4494B-F7F7-1008-D791-10A483A2EEEA}.Release|Any CPU.ActiveCfg = Release|Any CPU
		{EFE4494B-F7F7-1008-D791-10A483A2EEEA}.Release|Any CPU.Build.0 = Release|Any CPU
	EndGlobalSection
	GlobalSection(SolutionProperties) = preSolution
		HideSolutionNode = FALSE
	EndGlobalSection
EndGlobal
